
Microsoft Visual Studio Solution File, Format Version 12.00
# Visual Studio 15
VisualStudioVersion = 15.0.27703.2042
MinimumVisualStudioVersion = 10.0.40219.1
Project("{FAE04EC0-301F-11D3-BF4B-00C04F79EFBC}") = "Lab21", "Lab21\Lab21.csproj", "{F50195E6-0993-486B-8F77-4026F7110322}"
EndProject
Project("{FAE04EC0-301F-11D3-BF4B-00C04F79EFBC}") = "Lab21.Tests", "Lab21.Tests\Lab21.Tests.csproj", "{23B77383-2BEB-4098-9E3E-006801D576FE}"
EndProject
Global
	GlobalSection(SolutionConfigurationPlatforms) = preSolution
		Debug|Any CPU = Debug|Any CPU
		Release|Any CPU = Release|Any CPU
	EndGlobalSection
	GlobalSection(ProjectConfigurationPlatforms) = postSolution
		{F50195E6-0993-486B-8F77-4026F7110322}.Debug|Any CPU.ActiveCfg = Debug|Any CPU
		{F50195E6-0993-486B-8F77-4026F7110322}.Debug|Any CPU.Build.0 = Debug|Any CPU
		{F50195E6-0993-486B-8F77-4026F7110322}.Release|Any CPU.ActiveCfg = Release|Any CPU
		{F50195E6-0993-486B-8F77-4026F7110322}.Release|Any CPU.Build.0 = Release|Any CPU
		{23B77383-2BEB-4098-9E3E-006801D576FE}.Debug|Any CPU.ActiveCfg = Debug|Any CPU
		{23B77383-2BEB-4098-9E3E-006801D576FE}.Debug|Any CPU.Build.0 = Debug|Any CPU
		{23B77383-2BEB-4098-9E3E-006801D576FE}.Release|Any CPU.ActiveCfg = Release|Any CPU
		{23B77383-2BEB-4098-9E3E-006801D576FE}.Release|Any CPU.Build.0 = Release|Any CPU
	EndGlobalSection
	GlobalSection(SolutionProperties) = preSolution
		HideSolutionNode = FALSE
	EndGlobalSection
	GlobalSection(ExtensibilityGlobals) = postSolution
		SolutionGuid = {CC575ECD-44A9-4E4A-B7CF-0152A590F154}
	EndGlobalSection
EndGlobal
